
Microsoft Visual Studio Solution File, Format Version 12.00
# Visual Studio Version 17
VisualStudioVersion = 17.11.35327.3
MinimumVisualStudioVersion = 10.0.40219.1
Project("{FAE04EC0-301F-11D3-BF4B-00C04F79EFBC}") = "WPF02", "WPF02\WPF02.csproj", "{6547C960-4172-45F2-8BE1-A93C180875B9}"
EndProject
Project("{FAE04EC0-301F-11D3-BF4B-00C04F79EFBC}") = "Grid_", "Grid_\Grid_.csproj", "{442DD612-DFF5-495E-976A-EA5E700156D2}"
EndProject
Global
	GlobalSection(SolutionConfigurationPlatforms) = preSolution
		Debug|Any CPU = Debug|Any CPU
		Release|Any CPU = Release|Any CPU
	EndGlobalSection
	GlobalSection(ProjectConfigurationPlatforms) = postSolution
		{6547C960-4172-45F2-8BE1-A93C180875B9}.Debug|Any CPU.ActiveCfg = Debug|Any CPU
		{6547C960-4172-45F2-8BE1-A93C180875B9}.Debug|Any CPU.Build.0 = Debug|Any CPU
		{6547C960-4172-45F2-8BE1-A93C180875B9}.Release|Any CPU.ActiveCfg = Release|Any CPU
		{6547C960-4172-45F2-8BE1-A93C180875B9}.Release|Any CPU.Build.0 = Release|Any CPU
		{442DD612-DFF5-495E-976A-EA5E700156D2}.Debug|Any CPU.ActiveCfg = Debug|Any CPU
		{442DD612-DFF5-495E-976A-EA5E700156D2}.Debug|Any CPU.Build.0 = Debug|Any CPU
		{442DD612-DFF5-495E-976A-EA5E700156D2}.Release|Any CPU.ActiveCfg = Release|Any CPU
		{442DD612-DFF5-495E-976A-EA5E700156D2}.Release|Any CPU.Build.0 = Release|Any CPU
	EndGlobalSection
	GlobalSection(SolutionProperties) = preSolution
		HideSolutionNode = FALSE
	EndGlobalSection
	GlobalSection(ExtensibilityGlobals) = postSolution
		SolutionGuid = {3B9DCAF0-B8B9-4839-BD08-29F2442DAAAF}
	EndGlobalSection
EndGlobal
